
Microsoft Visual Studio Solution File, Format Version 12.00
# Visual Studio Version 17
VisualStudioVersion = 17.0.31903.59
MinimumVisualStudioVersion = 10.0.40219.1
Project("{2150E333-8FDC-42A3-9474-1A3956D46DE8}") = "src", "src", "{827E0CD3-B72D-47B6-A68D-7590B98EB39B}"
EndProject
Project("{FAE04EC0-301F-11D3-BF4B-00C04F79EFBC}") = "ExpressionEngine", "src\ExpressionEngine\ExpressionEngine.csproj", "{AB20F11B-5D05-4878-B238-B25DFA2850F0}"
EndProject
Project("{2150E333-8FDC-42A3-9474-1A3956D46DE8}") = "tests", "tests", "{0AB3BF05-4346-4AA6-1389-037BE0695223}"
EndProject
Project("{FAE04EC0-301F-11D3-BF4B-00C04F79EFBC}") = "ExpressionEngine.Tests", "tests\ExpressionEngine.Tests\ExpressionEngine.Tests.csproj", "{81E73E09-2335-4387-B478-746E0F40741D}"
EndProject
Project("{2150E333-8FDC-42A3-9474-1A3956D46DE8}") = "benchmarks", "benchmarks", "{66320409-64EC-F7C5-3DEF-65E7510DAAD1}"
EndProject
Project("{FAE04EC0-301F-11D3-BF4B-00C04F79EFBC}") = "ExpressionEngine.Benchmarks", "benchmarks\ExpressionEngine.Benchmarks\ExpressionEngine.Benchmarks.csproj", "{3B93F948-34C4-4736-9EF0-A55152B8A323}"
EndProject
Project("{FAE04EC0-301F-11D3-BF4B-00C04F79EFBC}") = "ExpressionEngine.Playground", "src\ExpressionEngine.Playground\ExpressionEngine.Playground.csproj", "{7D627FCB-2AB7-4F1A-B76F-DA38C9BACFBD}"
EndProject
Global
	GlobalSection(SolutionConfigurationPlatforms) = preSolution
		Debug|Any CPU = Debug|Any CPU
		Debug|x64 = Debug|x64
		Debug|x86 = Debug|x86
		Release|Any CPU = Release|Any CPU
		Release|x64 = Release|x64
		Release|x86 = Release|x86
	EndGlobalSection
	GlobalSection(ProjectConfigurationPlatforms) = postSolution
		{AB20F11B-5D05-4878-B238-B25DFA2850F0}.Debug|Any CPU.ActiveCfg = Debug|Any CPU
		{AB20F11B-5D05-4878-B238-B25DFA2850F0}.Debug|Any CPU.Build.0 = Debug|Any CPU
		{AB20F11B-5D05-4878-B238-B25DFA2850F0}.Debug|x64.ActiveCfg = Debug|Any CPU
		{AB20F11B-5D05-4878-B238-B25DFA2850F0}.Debug|x64.Build.0 = Debug|Any CPU
		{AB20F11B-5D05-4878-B238-B25DFA2850F0}.Debug|x86.ActiveCfg = Debug|Any CPU
		{AB20F11B-5D05-4878-B238-B25DFA2850F0}.Debug|x86.Build.0 = Debug|Any CPU
		{AB20F11B-5D05-4878-B238-B25DFA2850F0}.Release|Any CPU.ActiveCfg = Release|Any CPU
		{AB20F11B-5D05-4878-B238-B25DFA2850F0}.Release|Any CPU.Build.0 = Release|Any CPU
		{AB20F11B-5D05-4878-B238-B25DFA2850F0}.Release|x64.ActiveCfg = Release|Any CPU
		{AB20F11B-5D05-4878-B238-B25DFA2850F0}.Release|x64.Build.0 = Release|Any CPU
		{AB20F11B-5D05-4878-B238-B25DFA2850F0}.Release|x86.ActiveCfg = Release|Any CPU
		{AB20F11B-5D05-4878-B238-B25DFA2850F0}.Release|x86.Build.0 = Release|Any CPU
		{81E73E09-2335-4387-B478-746E0F40741D}.Debug|Any CPU.ActiveCfg = Debug|Any CPU
		{81E73E09-2335-4387-B478-746E0F40741D}.Debug|Any CPU.Build.0 = Debug|Any CPU
		{81E73E09-2335-4387-B478-746E0F40741D}.Debug|x64.ActiveCfg = Debug|Any CPU
		{81E73E09-2335-4387-B478-746E0F40741D}.Debug|x64.Build.0 = Debug|Any CPU
		{81E73E09-2335-4387-B478-746E0F40741D}.Debug|x86.ActiveCfg = Debug|Any CPU
		{81E73E09-2335-4387-B478-746E0F40741D}.Debug|x86.Build.0 = Debug|Any CPU
		{81E73E09-2335-4387-B478-746E0F40741D}.Release|Any CPU.ActiveCfg = Release|Any CPU
		{81E73E09-2335-4387-B478-746E0F40741D}.Release|Any CPU.Build.0 = Release|Any CPU
		{81E73E09-2335-4387-B478-746E0F40741D}.Release|x64.ActiveCfg = Release|Any CPU
		{81E73E09-2335-4387-B478-746E0F40741D}.Release|x64.Build.0 = Release|Any CPU
		{81E73E09-2335-4387-B478-746E0F40741D}.Release|x86.ActiveCfg = Release|Any CPU
		{81E73E09-2335-4387-B478-746E0F40741D}.Release|x86.Build.0 = Release|Any CPU
		{3B93F948-34C4-4736-9EF0-A55152B8A323}.Debug|Any CPU.ActiveCfg = Debug|Any CPU
		{3B93F948-34C4-4736-9EF0-A55152B8A323}.Debug|Any CPU.Build.0 = Debug|Any CPU
		{3B93F948-34C4-4736-9EF0-A55152B8A323}.Debug|x64.ActiveCfg = Debug|Any CPU
		{3B93F948-34C4-4736-9EF0-A55152B8A323}.Debug|x64.Build.0 = Debug|Any CPU
		{3B93F948-34C4-4736-9EF0-A55152B8A323}.Debug|x86.ActiveCfg = Debug|Any CPU
		{3B93F948-34C4-4736-9EF0-A55152B8A323}.Debug|x86.Build.0 = Debug|Any CPU
		{3B93F948-34C4-4736-9EF0-A55152B8A323}.Release|Any CPU.ActiveCfg = Release|Any CPU
		{3B93F948-34C4-4736-9EF0-A55152B8A323}.Release|Any CPU.Build.0 = Release|Any CPU
		{3B93F948-34C4-4736-9EF0-A55152B8A323}.Release|x64.ActiveCfg = Release|Any CPU
		{3B93F948-34C4-4736-9EF0-A55152B8A323}.Release|x64.Build.0 = Release|Any CPU
		{3B93F948-34C4-4736-9EF0-A55152B8A323}.Release|x86.ActiveCfg = Release|Any CPU
		{3B93F948-34C4-4736-9EF0-A55152B8A323}.Release|x86.Build.0 = Release|Any CPU
		{7D627FCB-2AB7-4F1A-B76F-DA38C9BACFBD}.Debug|Any CPU.ActiveCfg = Debug|Any CPU
		{7D627FCB-2AB7-4F1A-B76F-DA38C9BACFBD}.Debug|Any CPU.Build.0 = Debug|Any CPU
		{7D627FCB-2AB7-4F1A-B76F-DA38C9BACFBD}.Debug|x64.ActiveCfg = Debug|Any CPU
		{7D627FCB-2AB7-4F1A-B76F-DA38C9BACFBD}.Debug|x64.Build.0 = Debug|Any CPU
		{7D627FCB-2AB7-4F1A-B76F-DA38C9BACFBD}.Debug|x86.ActiveCfg = Debug|Any CPU
		{7D627FCB-2AB7-4F1A-B76F-DA38C9BACFBD}.Debug|x86.Build.0 = Debug|Any CPU
		{7D627FCB-2AB7-4F1A-B76F-DA38C9BACFBD}.Release|Any CPU.ActiveCfg = Release|Any CPU
		{7D627FCB-2AB7-4F1A-B76F-DA38C9BACFBD}.Release|Any CPU.Build.0 = Release|Any CPU
		{7D627FCB-2AB7-4F1A-B76F-DA38C9BACFBD}.Release|x64.ActiveCfg = Release|Any CPU
		{7D627FCB-2AB7-4F1A-B76F-DA38C9BACFBD}.Release|x64.Build.0 = Release|Any CPU
		{7D627FCB-2AB7-4F1A-B76F-DA38C9BACFBD}.Release|x86.ActiveCfg = Release|Any CPU
		{7D627FCB-2AB7-4F1A-B76F-DA38C9BACFBD}.Release|x86.Build.0 = Release|Any CPU
	EndGlobalSection
	GlobalSection(SolutionProperties) = preSolution
		HideSolutionNode = FALSE
	EndGlobalSection
	GlobalSection(NestedProjects) = preSolution
		{AB20F11B-5D05-4878-B238-B25DFA2850F0} = {827E0CD3-B72D-47B6-A68D-7590B98EB39B}
		{81E73E09-2335-4387-B478-746E0F40741D} = {0AB3BF05-4346-4AA6-1389-037BE0695223}
		{3B93F948-34C4-4736-9EF0-A55152B8A323} = {66320409-64EC-F7C5-3DEF-65E7510DAAD1}
		{7D627FCB-2AB7-4F1A-B76F-DA38C9BACFBD} = {827E0CD3-B72D-47B6-A68D-7590B98EB39B}
	EndGlobalSection
EndGlobal
